
Microsoft Visual Studio Solution File, Format Version 12.00
# Visual Studio Version 16
VisualStudioVersion = 16.0.32802.440
MinimumVisualStudioVersion = 10.0.40219.1
Project("{FAE04EC0-301F-11D3-BF4B-00C04F79EFBC}") = "flavour-palette", "flavour-palette\flavour-palette.csproj", "{C5A0FB40-C77E-48A8-93FF-66DBA6B72BA8}"
EndProject
Global
	GlobalSection(SolutionConfigurationPlatforms) = preSolution
		Debug|Any CPU = Debug|Any CPU
		Release|Any CPU = Release|Any CPU
	EndGlobalSection
	GlobalSection(ProjectConfigurationPlatforms) = postSolution
		{C5A0FB40-C77E-48A8-93FF-66DBA6B72BA8}.Debug|Any CPU.ActiveCfg = Debug|Any CPU
		{C5A0FB40-C77E-48A8-93FF-66DBA6B72BA8}.Debug|Any CPU.Build.0 = Debug|Any CPU
		{C5A0FB40-C77E-48A8-93FF-66DBA6B72BA8}.Release|Any CPU.ActiveCfg = Release|Any CPU
		{C5A0FB40-C77E-48A8-93FF-66DBA6B72BA8}.Release|Any CPU.Build.0 = Release|Any CPU
	EndGlobalSection
	GlobalSection(SolutionProperties) = preSolution
		HideSolutionNode = FALSE
	EndGlobalSection
	GlobalSection(ExtensibilityGlobals) = postSolution
		SolutionGuid = {8E1D7D01-BDB1-426D-9FD8-37B6EB568F94}
	EndGlobalSection
EndGlobal
